
Microsoft Visual Studio Solution File, Format Version 12.00
# Visual Studio 2012
Project("{FAE04EC0-301F-11D3-BF4B-00C04F79EFBC}") = "WebHDFS", "WebHDFS\WebHDFS.csproj", "{B06328D2-AE11-4F58-8129-06EC8116B11C}"
EndProject
Project("{FAE04EC0-301F-11D3-BF4B-00C04F79EFBC}") = "WebHDFSTest", "WebHDFSTest\WebHDFSTest.csproj", "{4596E349-3F9F-4CB4-B64B-ADD85C735FB2}"
EndProject
Project("{FAE04EC0-301F-11D3-BF4B-00C04F79EFBC}") = "WebHDFSExample", "WebHDFSExample\WebHDFSExample.csproj", "{39AC3655-521A-4DAE-BF3D-7F9DD46B54E1}"
EndProject
Global
	GlobalSection(SolutionConfigurationPlatforms) = preSolution
		Debug|Any CPU = Debug|Any CPU
		Release|Any CPU = Release|Any CPU
	EndGlobalSection
	GlobalSection(ProjectConfigurationPlatforms) = postSolution
		{4596E349-3F9F-4CB4-B64B-ADD85C735FB2}.Debug|Any CPU.ActiveCfg = Debug|Any CPU
		{4596E349-3F9F-4CB4-B64B-ADD85C735FB2}.Debug|Any CPU.Build.0 = Debug|Any CPU
		{4596E349-3F9F-4CB4-B64B-ADD85C735FB2}.Release|Any CPU.ActiveCfg = Release|Any CPU
		{4596E349-3F9F-4CB4-B64B-ADD85C735FB2}.Release|Any CPU.Build.0 = Release|Any CPU
		{B06328D2-AE11-4F58-8129-06EC8116B11C}.Debug|Any CPU.ActiveCfg = Debug|Any CPU
		{B06328D2-AE11-4F58-8129-06EC8116B11C}.Debug|Any CPU.Build.0 = Debug|Any CPU
		{B06328D2-AE11-4F58-8129-06EC8116B11C}.Release|Any CPU.ActiveCfg = Release|Any CPU
		{B06328D2-AE11-4F58-8129-06EC8116B11C}.Release|Any CPU.Build.0 = Release|Any CPU
		{39AC3655-521A-4DAE-BF3D-7F9DD46B54E1}.Debug|Any CPU.ActiveCfg = Debug|Any CPU
		{39AC3655-521A-4DAE-BF3D-7F9DD46B54E1}.Debug|Any CPU.Build.0 = Debug|Any CPU
		{39AC3655-521A-4DAE-BF3D-7F9DD46B54E1}.Release|Any CPU.ActiveCfg = Release|Any CPU
		{39AC3655-521A-4DAE-BF3D-7F9DD46B54E1}.Release|Any CPU.Build.0 = Release|Any CPU
	EndGlobalSection
	GlobalSection(MonoDevelopProperties) = preSolution
		Policies = $0
		$0.DotNetNamingPolicy = $1
		$1.DirectoryNamespaceAssociation = PrefixedHierarchical
		$0.VersionControlPolicy = $2
	EndGlobalSection
EndGlobal
